// !$*UTF8*$!
{
	archiveVersion = 1;
	classes = {
	};
	objectVersion = 46;
	objects = {

/* Begin PBXBuildFile section */
		C66B852E19EFF8120041584A /* main.m in Sources */ = {isa = PBXBuildFile; fileRef = C66B852D19EFF8120041584A /* main.m */; };
		C66B853119EFF8120041584A /* AppDelegate.m in Sources */ = {isa = PBXBuildFile; fileRef = C66B853019EFF8120041584A /* AppDelegate.m */; };
		C66B853419EFF8120041584A /* MasterViewController.m in Sources */ = {isa = PBXBuildFile; fileRef = C66B853319EFF8120041584A /* MasterViewController.m */; };
		C66B853719EFF8120041584A /* DetailViewController.m in Sources */ = {isa = PBXBuildFile; fileRef = C66B853619EFF8120041584A /* DetailViewController.m */; };
		C66B853A19EFF8120041584A /* Main.storyboard in Resources */ = {isa = PBXBuildFile; fileRef = C66B853819EFF8120041584A /* Main.storyboard */; };
		C66B853C19EFF8120041584A /* Images.xcassets in Resources */ = {isa = PBXBuildFile; fileRef = C66B853B19EFF8120041584A /* Images.xcassets */; };
		C66B853F19EFF8120041584A /* LaunchScreen.xib in Resources */ = {isa = PBXBuildFile; fileRef = C66B853D19EFF8120041584A /* LaunchScreen.xib */; };
		C66B854B19EFF8120041584A /* NavigationBarTransparenceTestTests.m in Sources */ = {isa = PBXBuildFile; fileRef = C66B854A19EFF8120041584A /* NavigationBarTransparenceTestTests.m */; };
		C66B860219F115B50041584A /* CBNavigationController.m in Sources */ = {isa = PBXBuildFile; fileRef = C66B860119F115B50041584A /* CBNavigationController.m */; };
/* End PBXBuildFile section */

/* Begin PBXContainerItemProxy section */
		C66B854519EFF8120041584A /* PBXContainerItemProxy */ = {
			isa = PBXContainerItemProxy;
			containerPortal = C66B852019EFF8120041584A /* Project object */;
			proxyType = 1;
			remoteGlobalIDString = C66B852719EFF8120041584A;
			remoteInfo = NavigationBarTransparenceTest;
		};
/* End PBXContainerItemProxy section */

/* Begin PBXFileReference section */
		C66B852819EFF8120041584A /* NavigationBarTransparenceTest.app */ = {isa = PBXFileReference; explicitFileType = wrapper.application; includeInIndex = 0; path = NavigationBarTransparenceTest.app; sourceTree = BUILT_PRODUCTS_DIR; };
		C66B852C19EFF8120041584A /* Info.plist */ = {isa = PBXFileReference; lastKnownFileType = text.plist.xml; path = Info.plist; sourceTree = "<group>"; };
		C66B852D19EFF8120041584A /* main.m */ = {isa = PBXFileReference; lastKnownFileType = sourcecode.c.objc; path = main.m; sourceTree = "<group>"; };
		C66B852F19EFF8120041584A /* AppDelegate.h */ = {isa = PBXFileReference; lastKnownFileType = sourcecode.c.h; path = AppDelegate.h; sourceTree = "<group>"; };
		C66B853019EFF8120041584A /* AppDelegate.m */ = {isa = PBXFileReference; lastKnownFileType = sourcecode.c.objc; path = AppDelegate.m; sourceTree = "<group>"; };
		C66B853219EFF8120041584A /* MasterViewController.h */ = {isa = PBXFileReference; lastKnownFileType = sourcecode.c.h; path = MasterViewController.h; sourceTree = "<group>"; };
		C66B853319EFF8120041584A /* MasterViewController.m */ = {isa = PBXFileReference; lastKnownFileType = sourcecode.c.objc; path = MasterViewController.m; sourceTree = "<group>"; };
		C66B853519EFF8120041584A /* DetailViewController.h */ = {isa = PBXFileReference; lastKnownFileType = sourcecode.c.h; path = DetailViewController.h; sourceTree = "<group>"; };
		C66B853619EFF8120041584A /* DetailViewController.m */ = {isa = PBXFileReference; lastKnownFileType = sourcecode.c.objc; path = DetailViewController.m; sourceTree = "<group>"; };
		C66B853919EFF8120041584A /* Base */ = {isa = PBXFileReference; lastKnownFileType = file.storyboard; name = Base; path = Base.lproj/Main.storyboard; sourceTree = "<group>"; };
		C66B853B19EFF8120041584A /* Images.xcassets */ = {isa = PBXFileReference; lastKnownFileType = folder.assetcatalog; path = Images.xcassets; sourceTree = "<group>"; };
		C66B853E19EFF8120041584A /* Base */ = {isa = PBXFileReference; lastKnownFileType = file.xib; name = Base; path = Base.lproj/LaunchScreen.xib; sourceTree = "<group>"; };
		C66B854419EFF8120041584A /* NavigationBarTransparenceTestTests.xctest */ = {isa = PBXFileReference; explicitFileType = wrapper.cfbundle; includeInIndex = 0; path = NavigationBarTransparenceTestTests.xctest; sourceTree = BUILT_PRODUCTS_DIR; };
		C66B854919EFF8120041584A /* Info.plist */ = {isa = PBXFileReference; lastKnownFileType = text.plist.xml; path = Info.plist; sourceTree = "<group>"; };
		C66B854A19EFF8120041584A /* NavigationBarTransparenceTestTests.m */ = {isa = PBXFileReference; lastKnownFileType = sourcecode.c.objc; path = NavigationBarTransparenceTestTests.m; sourceTree = "<group>"; };
		C66B860019F115B50041584A /* CBNavigationController.h */ = {isa = PBXFileReference; fileEncoding = 4; lastKnownFileType = sourcecode.c.h; path = CBNavigationController.h; sourceTree = "<group>"; };
		C66B860119F115B50041584A /* CBNavigationController.m */ = {isa = PBXFileReference; fileEncoding = 4; lastKnownFileType = sourcecode.c.objc; path = CBNavigationController.m; sourceTree = "<group>"; };
/* End PBXFileReference section */

/* Begin PBXFrameworksBuildPhase section */
		C66B852519EFF8120041584A /* Frameworks */ = {
			isa = PBXFrameworksBuildPhase;
			buildActionMask = 2147483647;
			files = (
			);
			runOnlyForDeploymentPostprocessing = 0;
		};
		C66B854119EFF8120041584A /* Frameworks */ = {
			isa = PBXFrameworksBuildPhase;
			buildActionMask = 2147483647;
			files = (
			);
			runOnlyForDeploymentPostprocessing = 0;
		};
/* End PBXFrameworksBuildPhase section */

/* Begin PBXGroup section */
		C66B851F19EFF8120041584A = {
			isa = PBXGroup;
			children = (
				C66B852A19EFF8120041584A /* NavigationBarTransparenceTest */,
				C66B854719EFF8120041584A /* NavigationBarTransparenceTestTests */,
				C66B852919EFF8120041584A /* Products */,
			);
			sourceTree = "<group>";
		};
		C66B852919EFF8120041584A /* Products */ = {
			isa = PBXGroup;
			children = (
				C66B852819EFF8120041584A /* NavigationBarTransparenceTest.app */,
				C66B854419EFF8120041584A /* NavigationBarTransparenceTestTests.xctest */,
			);
			name = Products;
			sourceTree = "<group>";
		};
		C66B852A19EFF8120041584A /* NavigationBarTransparenceTest */ = {
			isa = PBXGroup;
			children = (
				C66B860019F115B50041584A /* CBNavigationController.h */,
				C66B860119F115B50041584A /* CBNavigationController.m */,
				C66B852F19EFF8120041584A /* AppDelegate.h */,
				C66B853019EFF8120041584A /* AppDelegate.m */,
				C66B853219EFF8120041584A /* MasterViewController.h */,
				C66B853319EFF8120041584A /* MasterViewController.m */,
				C66B853519EFF8120041584A /* DetailViewController.h */,
				C66B853619EFF8120041584A /* DetailViewController.m */,
				C66B853819EFF8120041584A /* Main.storyboard */,
				C66B853B19EFF8120041584A /* Images.xcassets */,
				C66B853D19EFF8120041584A /* LaunchScreen.xib */,
				C66B852B19EFF8120041584A /* Supporting Files */,
			);
			path = NavigationBarTransparenceTest;
			sourceTree = "<group>";
		};
		C66B852B19EFF8120041584A /* Supporting Files */ = {
			isa = PBXGroup;
			children = (
				C66B852C19EFF8120041584A /* Info.plist */,
				C66B852D19EFF8120041584A /* main.m */,
			);
			name = "Supporting Files";
			sourceTree = "<group>";
		};
		C66B854719EFF8120041584A /* NavigationBarTransparenceTestTests */ = {
			isa = PBXGroup;
			children = (
				C66B854A19EFF8120041584A /* NavigationBarTransparenceTestTests.m */,
				C66B854819EFF8120041584A /* Supporting Files */,
			);
			path = NavigationBarTransparenceTestTests;
			sourceTree = "<group>";
		};
		C66B854819EFF8120041584A /* Supporting Files */ = {
			isa = PBXGroup;
			children = (
				C66B854919EFF8120041584A /* Info.plist */,
			);
			name = "Supporting Files";
			sourceTree = "<group>";
		};
/* End PBXGroup section */

/* Begin PBXNativeTarget section */
		C66B852719EFF8120041584A /* NavigationBarTransparenceTest */ = {
			isa = PBXNativeTarget;
			buildConfigurationList = C66B854E19EFF8120041584A /* Build configuration list for PBXNativeTarget "NavigationBarTransparenceTest" */;
			buildPhases = (
				C66B852419EFF8120041584A /* Sources */,
				C66B852519EFF8120041584A /* Frameworks */,
				C66B852619EFF8120041584A /* Resources */,
			);
			buildRules = (
			);
			dependencies = (
			);
			name = NavigationBarTransparenceTest;
			productName = NavigationBarTransparenceTest;
			productReference = C66B852819EFF8120041584A /* NavigationBarTransparenceTest.app */;
			productType = "com.apple.product-type.application";
		};
		C66B854319EFF8120041584A /* NavigationBarTransparenceTestTests */ = {
			isa = PBXNativeTarget;
			buildConfigurationList = C66B855119EFF8120041584A /* Build configuration list for PBXNativeTarget "NavigationBarTransparenceTestTests" */;
			buildPhases = (
				C66B854019EFF8120041584A /* Sources */,
				C66B854119EFF8120041584A /* Frameworks */,
				C66B854219EFF8120041584A /* Resources */,
			);
			buildRules = (
			);
			dependencies = (
				C66B854619EFF8120041584A /* PBXTargetDependency */,
			);
			name = NavigationBarTransparenceTestTests;
			productName = NavigationBarTransparenceTestTests;
			productReference = C66B854419EFF8120041584A /* NavigationBarTransparenceTestTests.xctest */;
			productType = "com.apple.product-type.bundle.unit-test";
		};
/* End PBXNativeTarget section */

/* Begin PBXProject section */
		C66B852019EFF8120041584A /* Project object */ = {
			isa = PBXProject;
			attributes = {
				LastUpgradeCheck = 0600;
				ORGANIZATIONNAME = Likid;
				TargetAttributes = {
					C66B852719EFF8120041584A = {
						CreatedOnToolsVersion = 6.0.1;
					};
					C66B854319EFF8120041584A = {
						CreatedOnToolsVersion = 6.0.1;
						TestTargetID = C66B852719EFF8120041584A;
					};
				};
			};
			buildConfigurationList = C66B852319EFF8120041584A /* Build configuration list for PBXProject "NavigationBarTransparenceTest" */;
			compatibilityVersion = "Xcode 3.2";
			developmentRegion = English;
			hasScannedForEncodings = 0;
			knownRegions = (
				en,
				Base,
			);
			mainGroup = C66B851F19EFF8120041584A;
			productRefGroup = C66B852919EFF8120041584A /* Products */;
			projectDirPath = "";
			projectRoot = "";
			targets = (
				C66B852719EFF8120041584A /* NavigationBarTransparenceTest */,
				C66B854319EFF8120041584A /* NavigationBarTransparenceTestTests */,
			);
		};
/* End PBXProject section */

/* Begin PBXResourcesBuildPhase section */
		C66B852619EFF8120041584A /* Resources */ = {
			isa = PBXResourcesBuildPhase;
			buildActionMask = 2147483647;
			files = (
				C66B853A19EFF8120041584A /* Main.storyboard in Resources */,
				C66B853F19EFF8120041584A /* LaunchScreen.xib in Resources */,
				C66B853C19EFF8120041584A /* Images.xcassets in Resources */,
			);
			runOnlyForDeploymentPostprocessing = 0;
		};
		C66B854219EFF8120041584A /* Resources */ = {
			isa = PBXResourcesBuildPhase;
			buildActionMask = 2147483647;
			files = (
			);
			runOnlyForDeploymentPostprocessing = 0;
		};
/* End PBXResourcesBuildPhase section */

/* Begin PBXSourcesBuildPhase section */
		C66B852419EFF8120041584A /* Sources */ = {
			isa = PBXSourcesBuildPhase;
			buildActionMask = 2147483647;
			files = (
				C66B860219F115B50041584A /* CBNavigationController.m in Sources */,
				C66B853119EFF8120041584A /* AppDelegate.m in Sources */,
				C66B853419EFF8120041584A /* MasterViewController.m in Sources */,
				C66B852E19EFF8120041584A /* main.m in Sources */,
				C66B853719EFF8120041584A /* DetailViewController.m in Sources */,
			);
			runOnlyForDeploymentPostprocessing = 0;
		};
		C66B854019EFF8120041584A /* Sources */ = {
			isa = PBXSourcesBuildPhase;
			buildActionMask = 2147483647;
			files = (
				C66B854B19EFF8120041584A /* NavigationBarTransparenceTestTests.m in Sources */,
			);
			runOnlyForDeploymentPostprocessing = 0;
		};
/* End PBXSourcesBuildPhase section */

/* Begin PBXTargetDependency section */
		C66B854619EFF8120041584A /* PBXTargetDependency */ = {
			isa = PBXTargetDependency;
			target = C66B852719EFF8120041584A /* NavigationBarTransparenceTest */;
			targetProxy = C66B854519EFF8120041584A /* PBXContainerItemProxy */;
		};
/* End PBXTargetDependency section */

/* Begin PBXVariantGroup section */
		C66B853819EFF8120041584A /* Main.storyboard */ = {
			isa = PBXVariantGroup;
			children = (
				C66B853919EFF8120041584A /* Base */,
			);
			name = Main.storyboard;
			sourceTree = "<group>";
		};
		C66B853D19EFF8120041584A /* LaunchScreen.xib */ = {
			isa = PBXVariantGroup;
			children = (
				C66B853E19EFF8120041584A /* Base */,
			);
			name = LaunchScreen.xib;
			sourceTree = "<group>";
		};
/* End PBXVariantGroup section */

/* Begin XCBuildConfiguration section */
		C66B854C19EFF8120041584A /* Debug */ = {
			isa = XCBuildConfiguration;
			buildSettings = {
				ALWAYS_SEARCH_USER_PATHS = NO;
				CLANG_CXX_LANGUAGE_STANDARD = "gnu++0x";
				CLANG_CXX_LIBRARY = "libc++";
				CLANG_ENABLE_MODULES = YES;
				CLANG_ENABLE_OBJC_ARC = YES;
				CLANG_WARN_BOOL_CONVERSION = YES;
				CLANG_WARN_CONSTANT_CONVERSION = YES;
				CLANG_WARN_DIRECT_OBJC_ISA_USAGE = YES_ERROR;
				CLANG_WARN_EMPTY_BODY = YES;
				CLANG_WARN_ENUM_CONVERSION = YES;
				CLANG_WARN_INT_CONVERSION = YES;
				CLANG_WARN_OBJC_ROOT_CLASS = YES_ERROR;
				CLANG_WARN_UNREACHABLE_CODE = YES;
				CLANG_WARN__DUPLICATE_METHOD_MATCH = YES;
				"CODE_SIGN_IDENTITY[sdk=iphoneos*]" = "iPhone Developer";
				COPY_PHASE_STRIP = NO;
				ENABLE_STRICT_OBJC_MSGSEND = YES;
				GCC_C_LANGUAGE_STANDARD = gnu99;
				GCC_DYNAMIC_NO_PIC = NO;
				GCC_OPTIMIZATION_LEVEL = 0;
				GCC_PREPROCESSOR_DEFINITIONS = (
					"DEBUG=1",
					"$(inherited)",
				);
				GCC_SYMBOLS_PRIVATE_EXTERN = NO;
				GCC_WARN_64_TO_32_BIT_CONVERSION = YES;
				GCC_WARN_ABOUT_RETURN_TYPE = YES_ERROR;
				GCC_WARN_UNDECLARED_SELECTOR = YES;
				GCC_WARN_UNINITIALIZED_AUTOS = YES_AGGRESSIVE;
				GCC_WARN_UNUSED_FUNCTION = YES;
				GCC_WARN_UNUSED_VARIABLE = YES;
				IPHONEOS_DEPLOYMENT_TARGET = 7.0;
				MTL_ENABLE_DEBUG_INFO = YES;
				ONLY_ACTIVE_ARCH = YES;
				SDKROOT = iphoneos;
			};
			name = Debug;
		};
		C66B854D19EFF8120041584A /* Release */ = {
			isa = XCBuildConfiguration;
			buildSettings = {
				ALWAYS_SEARCH_USER_PATHS = NO;
				CLANG_CXX_LANGUAGE_STANDARD = "gnu++0x";
				CLANG_CXX_LIBRARY = "libc++";
				CLANG_ENABLE_MODULES = YES;
				CLANG_ENABLE_OBJC_ARC = YES;
				CLANG_WARN_BOOL_CONVERSION = YES;
				CLANG_WARN_CONSTANT_CONVERSION = YES;
				CLANG_WARN_DIRECT_OBJC_ISA_USAGE = YES_ERROR;
				CLANG_WARN_EMPTY_BODY = YES;
				CLANG_WARN_ENUM_CONVERSION = YES;
				CLANG_WARN_INT_CONVERSION = YES;
				CLANG_WARN_OBJC_ROOT_CLASS = YES_ERROR;
				CLANG_WARN_UNREACHABLE_CODE = YES;
				CLANG_WARN__DUPLICATE_METHOD_MATCH = YES;
				"CODE_SIGN_IDENTITY[sdk=iphoneos*]" = "iPhone Developer";
				COPY_PHASE_STRIP = YES;
				ENABLE_NS_ASSERTIONS = NO;
				ENABLE_STRICT_OBJC_MSGSEND = YES;
				GCC_C_LANGUAGE_STANDARD = gnu99;
				GCC_WARN_64_TO_32_BIT_CONVERSION = YES;
				GCC_WARN_ABOUT_RETURN_TYPE = YES_ERROR;
				GCC_WARN_UNDECLARED_SELECTOR = YES;
				GCC_WARN_UNINITIALIZED_AUTOS = YES_AGGRESSIVE;
				GCC_WARN_UNUSED_FUNCTION = YES;
				GCC_WARN_UNUSED_VARIABLE = YES;
				IPHONEOS_DEPLOYMENT_TARGET = 7.0;
				MTL_ENABLE_DEBUG_INFO = NO;
				SDKROOT = iphoneos;
				VALIDATE_PRODUCT = YES;
			};
			name = Release;
		};
		C66B854F19EFF8120041584A /* Debug */ = {
			isa = XCBuildConfiguration;
			buildSettings = {
				ASSETCATALOG_COMPILER_APPICON_NAME = AppIcon;
				INFOPLIST_FILE = NavigationBarTransparenceTest/Info.plist;
				LD_RUNPATH_SEARCH_PATHS = "$(inherited) @executable_path/Frameworks";
				PRODUCT_NAME = "$(TARGET_NAME)";
			};
			name = Debug;
		};
		C66B855019EFF8120041584A /* Release */ = {
			isa = XCBuildConfiguration;
			buildSettings = {
				ASSETCATALOG_COMPILER_APPICON_NAME = AppIcon;
				INFOPLIST_FILE = NavigationBarTransparenceTest/Info.plist;
				LD_RUNPATH_SEARCH_PATHS = "$(inherited) @executable_path/Frameworks";
				PRODUCT_NAME = "$(TARGET_NAME)";
			};
			name = Release;
		};
		C66B855219EFF8120041584A /* Debug */ = {
			isa = XCBuildConfiguration;
			buildSettings = {
				BUNDLE_LOADER = "$(TEST_HOST)";
				FRAMEWORK_SEARCH_PATHS = (
					"$(SDKROOT)/Developer/Library/Frameworks",
					"$(inherited)",
				);
				GCC_PREPROCESSOR_DEFINITIONS = (
					"DEBUG=1",
					"$(inherited)",
				);
				INFOPLIST_FILE = NavigationBarTransparenceTestTests/Info.plist;
				LD_RUNPATH_SEARCH_PATHS = "$(inherited) @executable_path/Frameworks @loader_path/Frameworks";
				PRODUCT_NAME = "$(TARGET_NAME)";
				TEST_HOST = "$(BUILT_PRODUCTS_DIR)/NavigationBarTransparenceTest.app/NavigationBarTransparenceTest";
			};
			name = Debug;
		};
		C66B855319EFF8120041584A /* Release */ = {
			isa = XCBuildConfiguration;
			buildSettings = {
				BUNDLE_LOADER = "$(TEST_HOST)";
				FRAMEWORK_SEARCH_PATHS = (
					"$(SDKROOT)/Developer/Library/Frameworks",
					"$(inherited)",
				);
				INFOPLIST_FILE = NavigationBarTransparenceTestTests/Info.plist;
				LD_RUNPATH_SEARCH_PATHS = "$(inherited) @executable_path/Frameworks @loader_path/Frameworks";
				PRODUCT_NAME = "$(TARGET_NAME)";
				TEST_HOST = "$(BUILT_PRODUCTS_DIR)/NavigationBarTransparenceTest.app/NavigationBarTransparenceTest";
			};
			name = Release;
		};
/* End XCBuildConfiguration section */

/* Begin XCConfigurationList section */
		C66B852319EFF8120041584A /* Build configuration list for PBXProject "NavigationBarTransparenceTest" */ = {
			isa = XCConfigurationList;
			buildConfigurations = (
				C66B854C19EFF8120041584A /* Debug */,
				C66B854D19EFF8120041584A /* Release */,
			);
			defaultConfigurationIsVisible = 0;
			defaultConfigurationName = Release;
		};
		C66B854E19EFF8120041584A /* Build configuration list for PBXNativeTarget "NavigationBarTransparenceTest" */ = {
			isa = XCConfigurationList;
			buildConfigurations = (
				C66B854F19EFF8120041584A /* Debug */,
				C66B855019EFF8120041584A /* Release */,
			);
			defaultConfigurationIsVisible = 0;
			defaultConfigurationName = Release;
		};
		C66B855119EFF8120041584A /* Build configuration list for PBXNativeTarget "NavigationBarTransparenceTestTests" */ = {
			isa = XCConfigurationList;
			buildConfigurations = (
				C66B855219EFF8120041584A /* Debug */,
				C66B855319EFF8120041584A /* Release */,
			);
			defaultConfigurationIsVisible = 0;
			defaultConfigurationName = Release;
		};
/* End XCConfigurationList section */
	};
	rootObject = C66B852019EFF8120041584A /* Project object */;
}
